// !$*UTF8*$!
{
	archiveVersion = 1;
	classes = {
	};
	objectVersion = 46;
	objects = {

/* Begin PBXBuildFile section */
		13348FAF9B75A100C58982EE /* libPods-KNHelp.a in Frameworks */ = {isa = PBXBuildFile; fileRef = C305FC1F6265B7162CD4C723 /* libPods-KNHelp.a */; };
		751014F41EA88ACA00AF95CB /* KNGlobalConfig.m in Sources */ = {isa = PBXBuildFile; fileRef = 751014F31EA88AC900AF95CB /* KNGlobalConfig.m */; };
		7F3D05501DBDBEDC00A637DB /* KNFileHander.m in Sources */ = {isa = PBXBuildFile; fileRef = 7F3D054F1DBDBEDC00A637DB /* KNFileHander.m */; };
		7FFDC5591DB9B74100853A3E /* KNFlowView.m in Sources */ = {isa = PBXBuildFile; fileRef = 7FFDC5451DB9B74100853A3E /* KNFlowView.m */; };
		7FFDC55A1DB9B74100853A3E /* KNGIFImageView.m in Sources */ = {isa = PBXBuildFile; fileRef = 7FFDC5471DB9B74100853A3E /* KNGIFImageView.m */; };
		7FFDC55B1DB9B74100853A3E /* HZYIndicatorView.m in Sources */ = {isa = PBXBuildFile; fileRef = 7FFDC5491DB9B74100853A3E /* HZYIndicatorView.m */; };
		7FFDC55D1DB9B74100853A3E /* BMKeyboardManager.m in Sources */ = {isa = PBXBuildFile; fileRef = 7FFDC5581DB9B74100853A3E /* BMKeyboardManager.m */; };
		7FFDC56C1DB9B8C400853A3E /* GKTextView.m in Sources */ = {isa = PBXBuildFile; fileRef = 7FFDC56B1DB9B8C400853A3E /* GKTextView.m */; };
		7FFDC56F1DB9B90600853A3E /* KNException.m in Sources */ = {isa = PBXBuildFile; fileRef = 7FFDC56E1DB9B90600853A3E /* KNException.m */; };
		7FFDC5721DB9BA2C00853A3E /* KNExceptionViewController.m in Sources */ = {isa = PBXBuildFile; fileRef = 7FFDC5711DB9BA2C00853A3E /* KNExceptionViewController.m */; };
		7FFDC5751DB9FA2D00853A3E /* BaseFile.mm in Sources */ = {isa = PBXBuildFile; fileRef = 7FFDC5741DB9FA2D00853A3E /* BaseFile.mm */; };
		7FFDC5781DB9FA4400853A3E /* NSMutableObject+SafeInsert.mm in Sources */ = {isa = PBXBuildFile; fileRef = 7FFDC5771DB9FA4400853A3E /* NSMutableObject+SafeInsert.mm */; };
		7FFDC57C1DBA03AC00853A3E /* KNSystemPath.m in Sources */ = {isa = PBXBuildFile; fileRef = 7FFDC57B1DBA03AC00853A3E /* KNSystemPath.m */; };
		7FFDC5BB1DBA5ACF00853A3E /* KNBaseViewController.m in Sources */ = {isa = PBXBuildFile; fileRef = 7FFDC5BA1DBA5ACF00853A3E /* KNBaseViewController.m */; };
		7FFDC5BE1DBA5B2800853A3E /* UIColor+KN.m in Sources */ = {isa = PBXBuildFile; fileRef = 7FFDC5BD1DBA5B2800853A3E /* UIColor+KN.m */; };
		7FFDC5C11DBA5B6400853A3E /* KNAppColor.m in Sources */ = {isa = PBXBuildFile; fileRef = 7FFDC5C01DBA5B6400853A3E /* KNAppColor.m */; };
		7FFDC5C41DBA5C3900853A3E /* KNBaseTableViewController.m in Sources */ = {isa = PBXBuildFile; fileRef = 7FFDC5C31DBA5C3900853A3E /* KNBaseTableViewController.m */; };
		7FFDC5C71DBA685400853A3E /* KNAppMain.m in Sources */ = {isa = PBXBuildFile; fileRef = 7FFDC5C61DBA685400853A3E /* KNAppMain.m */; };
		7FFDC5CA1DBA691800853A3E /* KNLoginManager.m in Sources */ = {isa = PBXBuildFile; fileRef = 7FFDC5C91DBA691800853A3E /* KNLoginManager.m */; };
		7FFDC5CE1DBA6B4700853A3E /* NSString+KN.m in Sources */ = {isa = PBXBuildFile; fileRef = 7FFDC5CD1DBA6B4700853A3E /* NSString+KN.m */; };
		9C2C73771EC2C0AB00BBC5F2 /* KNDebugViewController.m in Sources */ = {isa = PBXBuildFile; fileRef = 9C2C73761EC2C0AB00BBC5F2 /* KNDebugViewController.m */; };
		9C2C737A1EC2ECA000BBC5F2 /* KNEnvChangeViewController.m in Sources */ = {isa = PBXBuildFile; fileRef = 9C2C73791EC2ECA000BBC5F2 /* KNEnvChangeViewController.m */; };
		9C2C737D1EC2ECC400BBC5F2 /* KNBaseWebViewController.m in Sources */ = {isa = PBXBuildFile; fileRef = 9C2C737C1EC2ECC400BBC5F2 /* KNBaseWebViewController.m */; };
		9C2C73801EC2ECE200BBC5F2 /* KNUserInfoViewController.m in Sources */ = {isa = PBXBuildFile; fileRef = 9C2C737F1EC2ECE200BBC5F2 /* KNUserInfoViewController.m */; };
		9C2C73831EC2EF3C00BBC5F2 /* KNRMCacheViewController.m in Sources */ = {isa = PBXBuildFile; fileRef = 9C2C73821EC2EF3C00BBC5F2 /* KNRMCacheViewController.m */; };
		9C2C73861EC2EF9000BBC5F2 /* KNDebugLogViewController.m in Sources */ = {isa = PBXBuildFile; fileRef = 9C2C73851EC2EF9000BBC5F2 /* KNDebugLogViewController.m */; };
		9C2C738D1EC2F43700BBC5F2 /* KNAPNSPushManager.m in Sources */ = {isa = PBXBuildFile; fileRef = 9C2C738C1EC2F43700BBC5F2 /* KNAPNSPushManager.m */; };
		9C3E2FC91EC44AA500F47023 /* UIButton+Common.m in Sources */ = {isa = PBXBuildFile; fileRef = 9C3E2FC21EC44AA500F47023 /* UIButton+Common.m */; };
		9C3E2FCA1EC44AA500F47023 /* UIImageView+Common.m in Sources */ = {isa = PBXBuildFile; fileRef = 9C3E2FC41EC44AA500F47023 /* UIImageView+Common.m */; };
		9C3E2FCB1EC44AA600F47023 /* UILabel+Common.m in Sources */ = {isa = PBXBuildFile; fileRef = 9C3E2FC61EC44AA500F47023 /* UILabel+Common.m */; };
		9C3E2FCC1EC44AA600F47023 /* UITableView+Common.m in Sources */ = {isa = PBXBuildFile; fileRef = 9C3E2FC81EC44AA500F47023 /* UITableView+Common.m */; };
		9C3E2FCF1EC44C9900F47023 /* UIView+Common.m in Sources */ = {isa = PBXBuildFile; fileRef = 9C3E2FCE1EC44C9900F47023 /* UIView+Common.m */; };
		9C9606641EC9C9FD00B272C3 /* KNAppFont.m in Sources */ = {isa = PBXBuildFile; fileRef = 9C9606631EC9C9FD00B272C3 /* KNAppFont.m */; };
		9C9607A11ECC79BA00B272C3 /* UIDevice+Common.m in Sources */ = {isa = PBXBuildFile; fileRef = 9C9607A01ECC79BA00B272C3 /* UIDevice+Common.m */; };
		9C9607A61ECC818A00B272C3 /* KNLongLink.m in Sources */ = {isa = PBXBuildFile; fileRef = 9C9607A51ECC818A00B272C3 /* KNLongLink.m */; };
		9C9607A91ECC838500B272C3 /* AsyncSocket.m in Sources */ = {isa = PBXBuildFile; fileRef = 9C9607A81ECC838500B272C3 /* AsyncSocket.m */; };
		9C9607AD1ECC868400B272C3 /* KNShareManager.m in Sources */ = {isa = PBXBuildFile; fileRef = 9C9607AC1ECC868400B272C3 /* KNShareManager.m */; };
		9C9607B11ECC8B3800B272C3 /* KNGlobalUiAppearance.m in Sources */ = {isa = PBXBuildFile; fileRef = 9C9607B01ECC8B3800B272C3 /* KNGlobalUiAppearance.m */; };
		9C9607B41ECC8B9500B272C3 /* KNAppStyle.m in Sources */ = {isa = PBXBuildFile; fileRef = 9C9607B21ECC8B9500B272C3 /* KNAppStyle.m */; };
		9C9607EA1ECD990000B272C3 /* UIView+Animation.m in Sources */ = {isa = PBXBuildFile; fileRef = 9C9607E91ECD990000B272C3 /* UIView+Animation.m */; };
		9C9609081ECEF04F00B272C3 /* KNHelp.h in Headers */ = {isa = PBXBuildFile; fileRef = 751014F01EA859E800AF95CB /* KNHelp.h */; settings = {ATTRIBUTES = (Public, ); }; };
		9C9609091ECEF0B500B272C3 /* UIView+Animation.h in Headers */ = {isa = PBXBuildFile; fileRef = 9C9607E81ECD990000B272C3 /* UIView+Animation.h */; };
		9C96090A1ECEF0B500B272C3 /* KNAppStyle.h in Headers */ = {isa = PBXBuildFile; fileRef = 9C9607B31ECC8B9500B272C3 /* KNAppStyle.h */; };
		9C96090B1ECEF0B500B272C3 /* KNGlobalUiAppearance.h in Headers */ = {isa = PBXBuildFile; fileRef = 9C9607AF1ECC8B3800B272C3 /* KNGlobalUiAppearance.h */; };
		9C96090C1ECEF0B500B272C3 /* KNShareManager.h in Headers */ = {isa = PBXBuildFile; fileRef = 9C9607AB1ECC868400B272C3 /* KNShareManager.h */; };
		9C96090D1ECEF0B500B272C3 /* KNLongLink.h in Headers */ = {isa = PBXBuildFile; fileRef = 9C9607A41ECC818A00B272C3 /* KNLongLink.h */; };
		9C96090E1ECEF0B500B272C3 /* AsyncSocket.h in Headers */ = {isa = PBXBuildFile; fileRef = 9C9607A71ECC838500B272C3 /* AsyncSocket.h */; };
		9C96090F1ECEF0B500B272C3 /* KNAPNSPushManager.h in Headers */ = {isa = PBXBuildFile; fileRef = 9C2C738B1EC2F43700BBC5F2 /* KNAPNSPushManager.h */; };
		9C9609101ECEF0B500B272C3 /* KNDebugViewController.h in Headers */ = {isa = PBXBuildFile; fileRef = 9C2C73751EC2C0AB00BBC5F2 /* KNDebugViewController.h */; };
		9C9609111ECEF0B500B272C3 /* KNEnvChangeViewController.h in Headers */ = {isa = PBXBuildFile; fileRef = 9C2C73781EC2ECA000BBC5F2 /* KNEnvChangeViewController.h */; };
		9C9609121ECEF0B500B272C3 /* KNUserInfoViewController.h in Headers */ = {isa = PBXBuildFile; fileRef = 9C2C737E1EC2ECE200BBC5F2 /* KNUserInfoViewController.h */; };
		9C9609131ECEF0B500B272C3 /* KNRMCacheViewController.h in Headers */ = {isa = PBXBuildFile; fileRef = 9C2C73811EC2EF3C00BBC5F2 /* KNRMCacheViewController.h */; };
		9C9609141ECEF0B500B272C3 /* KNDebugLogViewController.h in Headers */ = {isa = PBXBuildFile; fileRef = 9C2C73841EC2EF9000BBC5F2 /* KNDebugLogViewController.h */; };
		9C9609151ECEF0B500B272C3 /* KNLoginManager.h in Headers */ = {isa = PBXBuildFile; fileRef = 7FFDC5C81DBA691800853A3E /* KNLoginManager.h */; };
		9C9609161ECEF0B500B272C3 /* KNFileHander.h in Headers */ = {isa = PBXBuildFile; fileRef = 7F3D054E1DBDBEDC00A637DB /* KNFileHander.h */; };
		9C9609171ECEF0B500B272C3 /* KNBaseViewController.h in Headers */ = {isa = PBXBuildFile; fileRef = 7FFDC5B91DBA5ACF00853A3E /* KNBaseViewController.h */; };
		9C9609181ECEF0B500B272C3 /* KNBaseTableViewController.h in Headers */ = {isa = PBXBuildFile; fileRef = 7FFDC5C21DBA5C3900853A3E /* KNBaseTableViewController.h */; };
		9C9609191ECEF0B500B272C3 /* KNAppMain.h in Headers */ = {isa = PBXBuildFile; fileRef = 7FFDC5C51DBA685400853A3E /* KNAppMain.h */; };
		9C96091A1ECEF0B500B272C3 /* KNBaseWebViewController.h in Headers */ = {isa = PBXBuildFile; fileRef = 9C2C737B1EC2ECC400BBC5F2 /* KNBaseWebViewController.h */; };
		9C96091B1ECEF0B500B272C3 /* KNAppColor.h in Headers */ = {isa = PBXBuildFile; fileRef = 7FFDC5BF1DBA5B6400853A3E /* KNAppColor.h */; };
		9C96091C1ECEF0B500B272C3 /* UIColor+KN.h in Headers */ = {isa = PBXBuildFile; fileRef = 7FFDC5BC1DBA5B2800853A3E /* UIColor+KN.h */; };
		9C96091D1ECEF0B500B272C3 /* GKTextView.h in Headers */ = {isa = PBXBuildFile; fileRef = 7FFDC56A1DB9B8C400853A3E /* GKTextView.h */; };
		9C96091E1ECEF0B500B272C3 /* KNFlowView.h in Headers */ = {isa = PBXBuildFile; fileRef = 7FFDC5441DB9B74100853A3E /* KNFlowView.h */; };
		9C96091F1ECEF0B500B272C3 /* KNGIFImageView.h in Headers */ = {isa = PBXBuildFile; fileRef = 7FFDC5461DB9B74100853A3E /* KNGIFImageView.h */; };
		9C9609201ECEF0B500B272C3 /* HZYIndicatorView.h in Headers */ = {isa = PBXBuildFile; fileRef = 7FFDC5481DB9B74100853A3E /* HZYIndicatorView.h */; };
		9C9609211ECEF0B500B272C3 /* UIButton+Common.h in Headers */ = {isa = PBXBuildFile; fileRef = 9C3E2FC11EC44AA500F47023 /* UIButton+Common.h */; };
		9C9609221ECEF0B500B272C3 /* UIImageView+Common.h in Headers */ = {isa = PBXBuildFile; fileRef = 9C3E2FC31EC44AA500F47023 /* UIImageView+Common.h */; };
		9C9609231ECEF0B500B272C3 /* UILabel+Common.h in Headers */ = {isa = PBXBuildFile; fileRef = 9C3E2FC51EC44AA500F47023 /* UILabel+Common.h */; };
		9C9609241ECEF0B500B272C3 /* UITableView+Common.h in Headers */ = {isa = PBXBuildFile; fileRef = 9C3E2FC71EC44AA500F47023 /* UITableView+Common.h */; };
		9C9609251ECEF0B500B272C3 /* UIView+Common.h in Headers */ = {isa = PBXBuildFile; fileRef = 9C3E2FCD1EC44C9900F47023 /* UIView+Common.h */; };
		9C9609261ECEF0B500B272C3 /* KNAppFont.h in Headers */ = {isa = PBXBuildFile; fileRef = 9C9606621EC9C9FD00B272C3 /* KNAppFont.h */; };
		9C9609271ECEF0B500B272C3 /* UIDevice+Common.h in Headers */ = {isa = PBXBuildFile; fileRef = 9C96079F1ECC79BA00B272C3 /* UIDevice+Common.h */; };
		9C9609281ECEF0B500B272C3 /* NSMutableObject+SafeInsert.h in Headers */ = {isa = PBXBuildFile; fileRef = 7FFDC5761DB9FA4400853A3E /* NSMutableObject+SafeInsert.h */; };
		9C9609291ECEF0B500B272C3 /* NSString+KN.h in Headers */ = {isa = PBXBuildFile; fileRef = 7FFDC5CC1DBA6B4700853A3E /* NSString+KN.h */; };
		9C96092A1ECEF0B500B272C3 /* KNException.h in Headers */ = {isa = PBXBuildFile; fileRef = 7FFDC56D1DB9B90600853A3E /* KNException.h */; };
		9C96092B1ECEF0B500B272C3 /* BMKeyboardManager.h in Headers */ = {isa = PBXBuildFile; fileRef = 7FFDC5571DB9B74100853A3E /* BMKeyboardManager.h */; };
		9C96092C1ECEF0B500B272C3 /* KNGlobalDefine.h in Headers */ = {isa = PBXBuildFile; fileRef = 751014F11EA85BF900AF95CB /* KNGlobalDefine.h */; };
		9C96092D1ECEF0B500B272C3 /* KNGlobalConfig.h in Headers */ = {isa = PBXBuildFile; fileRef = 751014F21EA88AC900AF95CB /* KNGlobalConfig.h */; };
/* End PBXBuildFile section */

/* Begin PBXCopyFilesBuildPhase section */
		7FFDC5321DB9B4DB00853A3E /* CopyFiles */ = {
			isa = PBXCopyFilesBuildPhase;
			buildActionMask = 2147483647;
			dstPath = "include/$(PRODUCT_NAME)";
			dstSubfolderSpec = 16;
			files = (
			);
			runOnlyForDeploymentPostprocessing = 0;
		};
/* End PBXCopyFilesBuildPhase section */

/* Begin PBXFileReference section */
		751014F01EA859E800AF95CB /* KNHelp.h */ = {isa = PBXFileReference; lastKnownFileType = sourcecode.c.h; path = KNHelp.h; sourceTree = "<group>"; };
		751014F11EA85BF900AF95CB /* KNGlobalDefine.h */ = {isa = PBXFileReference; lastKnownFileType = sourcecode.c.h; path = KNGlobalDefine.h; sourceTree = "<group>"; };
		751014F21EA88AC900AF95CB /* KNGlobalConfig.h */ = {isa = PBXFileReference; fileEncoding = 4; lastKnownFileType = sourcecode.c.h; name = KNGlobalConfig.h; path = ../KNGlobalConfig.h; sourceTree = "<group>"; };
		751014F31EA88AC900AF95CB /* KNGlobalConfig.m */ = {isa = PBXFileReference; fileEncoding = 4; lastKnownFileType = sourcecode.c.objc; name = KNGlobalConfig.m; path = ../KNGlobalConfig.m; sourceTree = "<group>"; };
		7D34FCB2D1DDC7C255A23554 /* Pods-KNHelp.debug.xcconfig */ = {isa = PBXFileReference; includeInIndex = 1; lastKnownFileType = text.xcconfig; name = "Pods-KNHelp.debug.xcconfig"; path = "Pods/Target Support Files/Pods-KNHelp/Pods-KNHelp.debug.xcconfig"; sourceTree = "<group>"; };
		7F3D054E1DBDBEDC00A637DB /* KNFileHander.h */ = {isa = PBXFileReference; fileEncoding = 4; lastKnownFileType = sourcecode.c.h; path = KNFileHander.h; sourceTree = "<group>"; };
		7F3D054F1DBDBEDC00A637DB /* KNFileHander.m */ = {isa = PBXFileReference; fileEncoding = 4; lastKnownFileType = sourcecode.c.objc; path = KNFileHander.m; sourceTree = "<group>"; };
		7FFDC5341DB9B4DB00853A3E /* libKNHelp.a */ = {isa = PBXFileReference; explicitFileType = archive.ar; includeInIndex = 0; path = libKNHelp.a; sourceTree = BUILT_PRODUCTS_DIR; };
		7FFDC5441DB9B74100853A3E /* KNFlowView.h */ = {isa = PBXFileReference; fileEncoding = 4; lastKnownFileType = sourcecode.c.h; path = KNFlowView.h; sourceTree = "<group>"; };
		7FFDC5451DB9B74100853A3E /* KNFlowView.m */ = {isa = PBXFileReference; fileEncoding = 4; lastKnownFileType = sourcecode.c.objc; path = KNFlowView.m; sourceTree = "<group>"; };
		7FFDC5461DB9B74100853A3E /* KNGIFImageView.h */ = {isa = PBXFileReference; fileEncoding = 4; lastKnownFileType = sourcecode.c.h; path = KNGIFImageView.h; sourceTree = "<group>"; };
		7FFDC5471DB9B74100853A3E /* KNGIFImageView.m */ = {isa = PBXFileReference; fileEncoding = 4; lastKnownFileType = sourcecode.c.objc; path = KNGIFImageView.m; sourceTree = "<group>"; };
		7FFDC5481DB9B74100853A3E /* HZYIndicatorView.h */ = {isa = PBXFileReference; fileEncoding = 4; lastKnownFileType = sourcecode.c.h; path = HZYIndicatorView.h; sourceTree = "<group>"; };
		7FFDC5491DB9B74100853A3E /* HZYIndicatorView.m */ = {isa = PBXFileReference; fileEncoding = 4; lastKnownFileType = sourcecode.c.objc; path = HZYIndicatorView.m; sourceTree = "<group>"; };
		7FFDC5571DB9B74100853A3E /* BMKeyboardManager.h */ = {isa = PBXFileReference; fileEncoding = 4; lastKnownFileType = sourcecode.c.h; path = BMKeyboardManager.h; sourceTree = "<group>"; };
		7FFDC5581DB9B74100853A3E /* BMKeyboardManager.m */ = {isa = PBXFileReference; fileEncoding = 4; lastKnownFileType = sourcecode.c.objc; path = BMKeyboardManager.m; sourceTree = "<group>"; };
		7FFDC56A1DB9B8C400853A3E /* GKTextView.h */ = {isa = PBXFileReference; fileEncoding = 4; lastKnownFileType = sourcecode.c.h; path = GKTextView.h; sourceTree = "<group>"; };
		7FFDC56B1DB9B8C400853A3E /* GKTextView.m */ = {isa = PBXFileReference; fileEncoding = 4; lastKnownFileType = sourcecode.c.objc; path = GKTextView.m; sourceTree = "<group>"; };
		7FFDC56D1DB9B90600853A3E /* KNException.h */ = {isa = PBXFileReference; fileEncoding = 4; lastKnownFileType = sourcecode.c.h; path = KNException.h; sourceTree = "<group>"; };
		7FFDC56E1DB9B90600853A3E /* KNException.m */ = {isa = PBXFileReference; fileEncoding = 4; lastKnownFileType = sourcecode.c.objc; path = KNException.m; sourceTree = "<group>"; };
		7FFDC5701DB9BA2C00853A3E /* KNExceptionViewController.h */ = {isa = PBXFileReference; fileEncoding = 4; lastKnownFileType = sourcecode.c.h; path = KNExceptionViewController.h; sourceTree = "<group>"; };
		7FFDC5711DB9BA2C00853A3E /* KNExceptionViewController.m */ = {isa = PBXFileReference; fileEncoding = 4; lastKnownFileType = sourcecode.c.objc; path = KNExceptionViewController.m; sourceTree = "<group>"; };
		7FFDC5731DB9FA2D00853A3E /* BaseFile.h */ = {isa = PBXFileReference; fileEncoding = 4; lastKnownFileType = sourcecode.c.h; path = BaseFile.h; sourceTree = "<group>"; };
		7FFDC5741DB9FA2D00853A3E /* BaseFile.mm */ = {isa = PBXFileReference; fileEncoding = 4; lastKnownFileType = sourcecode.cpp.objcpp; path = BaseFile.mm; sourceTree = "<group>"; };
		7FFDC5761DB9FA4400853A3E /* NSMutableObject+SafeInsert.h */ = {isa = PBXFileReference; fileEncoding = 4; lastKnownFileType = sourcecode.c.h; path = "NSMutableObject+SafeInsert.h"; sourceTree = "<group>"; };
		7FFDC5771DB9FA4400853A3E /* NSMutableObject+SafeInsert.mm */ = {isa = PBXFileReference; fileEncoding = 4; lastKnownFileType = sourcecode.cpp.objcpp; path = "NSMutableObject+SafeInsert.mm"; sourceTree = "<group>"; };
		7FFDC5791DBA036C00853A3E /* KNHelpUtil.h */ = {isa = PBXFileReference; lastKnownFileType = sourcecode.c.h; path = KNHelpUtil.h; sourceTree = "<group>"; };
		7FFDC57A1DBA03AC00853A3E /* KNSystemPath.h */ = {isa = PBXFileReference; fileEncoding = 4; lastKnownFileType = sourcecode.c.h; path = KNSystemPath.h; sourceTree = "<group>"; };
		7FFDC57B1DBA03AC00853A3E /* KNSystemPath.m */ = {isa = PBXFileReference; fileEncoding = 4; lastKnownFileType = sourcecode.c.objc; path = KNSystemPath.m; sourceTree = "<group>"; };
		7FFDC5B91DBA5ACF00853A3E /* KNBaseViewController.h */ = {isa = PBXFileReference; fileEncoding = 4; lastKnownFileType = sourcecode.c.h; path = KNBaseViewController.h; sourceTree = "<group>"; };
		7FFDC5BA1DBA5ACF00853A3E /* KNBaseViewController.m */ = {isa = PBXFileReference; fileEncoding = 4; lastKnownFileType = sourcecode.c.objc; path = KNBaseViewController.m; sourceTree = "<group>"; };
		7FFDC5BC1DBA5B2800853A3E /* UIColor+KN.h */ = {isa = PBXFileReference; fileEncoding = 4; lastKnownFileType = sourcecode.c.h; path = "UIColor+KN.h"; sourceTree = "<group>"; };
		7FFDC5BD1DBA5B2800853A3E /* UIColor+KN.m */ = {isa = PBXFileReference; fileEncoding = 4; lastKnownFileType = sourcecode.c.objc; path = "UIColor+KN.m"; sourceTree = "<group>"; };
		7FFDC5BF1DBA5B6400853A3E /* KNAppColor.h */ = {isa = PBXFileReference; fileEncoding = 4; lastKnownFileType = sourcecode.c.h; path = KNAppColor.h; sourceTree = "<group>"; };
		7FFDC5C01DBA5B6400853A3E /* KNAppColor.m */ = {isa = PBXFileReference; fileEncoding = 4; lastKnownFileType = sourcecode.c.objc; path = KNAppColor.m; sourceTree = "<group>"; };
		7FFDC5C21DBA5C3900853A3E /* KNBaseTableViewController.h */ = {isa = PBXFileReference; fileEncoding = 4; lastKnownFileType = sourcecode.c.h; path = KNBaseTableViewController.h; sourceTree = "<group>"; };
		7FFDC5C31DBA5C3900853A3E /* KNBaseTableViewController.m */ = {isa = PBXFileReference; fileEncoding = 4; lastKnownFileType = sourcecode.c.objc; path = KNBaseTableViewController.m; sourceTree = "<group>"; };
		7FFDC5C51DBA685400853A3E /* KNAppMain.h */ = {isa = PBXFileReference; fileEncoding = 4; lastKnownFileType = sourcecode.c.h; path = KNAppMain.h; sourceTree = "<group>"; };
		7FFDC5C61DBA685400853A3E /* KNAppMain.m */ = {isa = PBXFileReference; fileEncoding = 4; lastKnownFileType = sourcecode.c.objc; path = KNAppMain.m; sourceTree = "<group>"; };
		7FFDC5C81DBA691800853A3E /* KNLoginManager.h */ = {isa = PBXFileReference; fileEncoding = 4; lastKnownFileType = sourcecode.c.h; path = KNLoginManager.h; sourceTree = "<group>"; };
		7FFDC5C91DBA691800853A3E /* KNLoginManager.m */ = {isa = PBXFileReference; fileEncoding = 4; lastKnownFileType = sourcecode.c.objc; path = KNLoginManager.m; sourceTree = "<group>"; };
		7FFDC5CC1DBA6B4700853A3E /* NSString+KN.h */ = {isa = PBXFileReference; fileEncoding = 4; lastKnownFileType = sourcecode.c.h; path = "NSString+KN.h"; sourceTree = "<group>"; };
		7FFDC5CD1DBA6B4700853A3E /* NSString+KN.m */ = {isa = PBXFileReference; fileEncoding = 4; lastKnownFileType = sourcecode.c.objc; path = "NSString+KN.m"; sourceTree = "<group>"; };
		9C2C73751EC2C0AB00BBC5F2 /* KNDebugViewController.h */ = {isa = PBXFileReference; fileEncoding = 4; lastKnownFileType = sourcecode.c.h; path = KNDebugViewController.h; sourceTree = "<group>"; };
		9C2C73761EC2C0AB00BBC5F2 /* KNDebugViewController.m */ = {isa = PBXFileReference; fileEncoding = 4; lastKnownFileType = sourcecode.c.objc; path = KNDebugViewController.m; sourceTree = "<group>"; };
		9C2C73781EC2ECA000BBC5F2 /* KNEnvChangeViewController.h */ = {isa = PBXFileReference; fileEncoding = 4; lastKnownFileType = sourcecode.c.h; path = KNEnvChangeViewController.h; sourceTree = "<group>"; };
		9C2C73791EC2ECA000BBC5F2 /* KNEnvChangeViewController.m */ = {isa = PBXFileReference; fileEncoding = 4; lastKnownFileType = sourcecode.c.objc; path = KNEnvChangeViewController.m; sourceTree = "<group>"; };
		9C2C737B1EC2ECC400BBC5F2 /* KNBaseWebViewController.h */ = {isa = PBXFileReference; fileEncoding = 4; lastKnownFileType = sourcecode.c.h; path = KNBaseWebViewController.h; sourceTree = "<group>"; };
		9C2C737C1EC2ECC400BBC5F2 /* KNBaseWebViewController.m */ = {isa = PBXFileReference; fileEncoding = 4; lastKnownFileType = sourcecode.c.objc; path = KNBaseWebViewController.m; sourceTree = "<group>"; };
		9C2C737E1EC2ECE200BBC5F2 /* KNUserInfoViewController.h */ = {isa = PBXFileReference; fileEncoding = 4; lastKnownFileType = sourcecode.c.h; path = KNUserInfoViewController.h; sourceTree = "<group>"; };
		9C2C737F1EC2ECE200BBC5F2 /* KNUserInfoViewController.m */ = {isa = PBXFileReference; fileEncoding = 4; lastKnownFileType = sourcecode.c.objc; path = KNUserInfoViewController.m; sourceTree = "<group>"; };
		9C2C73811EC2EF3C00BBC5F2 /* KNRMCacheViewController.h */ = {isa = PBXFileReference; fileEncoding = 4; lastKnownFileType = sourcecode.c.h; path = KNRMCacheViewController.h; sourceTree = "<group>"; };
		9C2C73821EC2EF3C00BBC5F2 /* KNRMCacheViewController.m */ = {isa = PBXFileReference; fileEncoding = 4; lastKnownFileType = sourcecode.c.objc; path = KNRMCacheViewController.m; sourceTree = "<group>"; };
		9C2C73841EC2EF9000BBC5F2 /* KNDebugLogViewController.h */ = {isa = PBXFileReference; fileEncoding = 4; lastKnownFileType = sourcecode.c.h; path = KNDebugLogViewController.h; sourceTree = "<group>"; };
		9C2C73851EC2EF9000BBC5F2 /* KNDebugLogViewController.m */ = {isa = PBXFileReference; fileEncoding = 4; lastKnownFileType = sourcecode.c.objc; path = KNDebugLogViewController.m; sourceTree = "<group>"; };
		9C2C738B1EC2F43700BBC5F2 /* KNAPNSPushManager.h */ = {isa = PBXFileReference; fileEncoding = 4; lastKnownFileType = sourcecode.c.h; path = KNAPNSPushManager.h; sourceTree = "<group>"; };
		9C2C738C1EC2F43700BBC5F2 /* KNAPNSPushManager.m */ = {isa = PBXFileReference; fileEncoding = 4; lastKnownFileType = sourcecode.c.objc; path = KNAPNSPushManager.m; sourceTree = "<group>"; };
		9C3E2FC11EC44AA500F47023 /* UIButton+Common.h */ = {isa = PBXFileReference; fileEncoding = 4; lastKnownFileType = sourcecode.c.h; path = "UIButton+Common.h"; sourceTree = "<group>"; };
		9C3E2FC21EC44AA500F47023 /* UIButton+Common.m */ = {isa = PBXFileReference; fileEncoding = 4; lastKnownFileType = sourcecode.c.objc; path = "UIButton+Common.m"; sourceTree = "<group>"; };
		9C3E2FC31EC44AA500F47023 /* UIImageView+Common.h */ = {isa = PBXFileReference; fileEncoding = 4; lastKnownFileType = sourcecode.c.h; path = "UIImageView+Common.h"; sourceTree = "<group>"; };
		9C3E2FC41EC44AA500F47023 /* UIImageView+Common.m */ = {isa = PBXFileReference; fileEncoding = 4; lastKnownFileType = sourcecode.c.objc; path = "UIImageView+Common.m"; sourceTree = "<group>"; };
		9C3E2FC51EC44AA500F47023 /* UILabel+Common.h */ = {isa = PBXFileReference; fileEncoding = 4; lastKnownFileType = sourcecode.c.h; path = "UILabel+Common.h"; sourceTree = "<group>"; };
		9C3E2FC61EC44AA500F47023 /* UILabel+Common.m */ = {isa = PBXFileReference; fileEncoding = 4; lastKnownFileType = sourcecode.c.objc; path = "UILabel+Common.m"; sourceTree = "<group>"; };
		9C3E2FC71EC44AA500F47023 /* UITableView+Common.h */ = {isa = PBXFileReference; fileEncoding = 4; lastKnownFileType = sourcecode.c.h; path = "UITableView+Common.h"; sourceTree = "<group>"; };
		9C3E2FC81EC44AA500F47023 /* UITableView+Common.m */ = {isa = PBXFileReference; fileEncoding = 4; lastKnownFileType = sourcecode.c.objc; path = "UITableView+Common.m"; sourceTree = "<group>"; };
		9C3E2FCD1EC44C9900F47023 /* UIView+Common.h */ = {isa = PBXFileReference; fileEncoding = 4; lastKnownFileType = sourcecode.c.h; path = "UIView+Common.h"; sourceTree = "<group>"; };
		9C3E2FCE1EC44C9900F47023 /* UIView+Common.m */ = {isa = PBXFileReference; fileEncoding = 4; lastKnownFileType = sourcecode.c.objc; path = "UIView+Common.m"; sourceTree = "<group>"; };
		9C9606621EC9C9FD00B272C3 /* KNAppFont.h */ = {isa = PBXFileReference; fileEncoding = 4; lastKnownFileType = sourcecode.c.h; path = KNAppFont.h; sourceTree = "<group>"; };
		9C9606631EC9C9FD00B272C3 /* KNAppFont.m */ = {isa = PBXFileReference; fileEncoding = 4; lastKnownFileType = sourcecode.c.objc; path = KNAppFont.m; sourceTree = "<group>"; };
		9C96079F1ECC79BA00B272C3 /* UIDevice+Common.h */ = {isa = PBXFileReference; fileEncoding = 4; lastKnownFileType = sourcecode.c.h; path = "UIDevice+Common.h"; sourceTree = "<group>"; };
		9C9607A01ECC79BA00B272C3 /* UIDevice+Common.m */ = {isa = PBXFileReference; fileEncoding = 4; lastKnownFileType = sourcecode.c.objc; path = "UIDevice+Common.m"; sourceTree = "<group>"; };
		9C9607A41ECC818A00B272C3 /* KNLongLink.h */ = {isa = PBXFileReference; fileEncoding = 4; lastKnownFileType = sourcecode.c.h; path = KNLongLink.h; sourceTree = "<group>"; };
		9C9607A51ECC818A00B272C3 /* KNLongLink.m */ = {isa = PBXFileReference; fileEncoding = 4; lastKnownFileType = sourcecode.c.objc; path = KNLongLink.m; sourceTree = "<group>"; };
		9C9607A71ECC838500B272C3 /* AsyncSocket.h */ = {isa = PBXFileReference; fileEncoding = 4; lastKnownFileType = sourcecode.c.h; path = AsyncSocket.h; sourceTree = "<group>"; };
		9C9607A81ECC838500B272C3 /* AsyncSocket.m */ = {isa = PBXFileReference; fileEncoding = 4; lastKnownFileType = sourcecode.c.objc; path = AsyncSocket.m; sourceTree = "<group>"; };
		9C9607AB1ECC868400B272C3 /* KNShareManager.h */ = {isa = PBXFileReference; fileEncoding = 4; lastKnownFileType = sourcecode.c.h; path = KNShareManager.h; sourceTree = "<group>"; };
		9C9607AC1ECC868400B272C3 /* KNShareManager.m */ = {isa = PBXFileReference; fileEncoding = 4; lastKnownFileType = sourcecode.c.objc; path = KNShareManager.m; sourceTree = "<group>"; };
		9C9607AF1ECC8B3800B272C3 /* KNGlobalUiAppearance.h */ = {isa = PBXFileReference; fileEncoding = 4; lastKnownFileType = sourcecode.c.h; path = KNGlobalUiAppearance.h; sourceTree = "<group>"; };
		9C9607B01ECC8B3800B272C3 /* KNGlobalUiAppearance.m */ = {isa = PBXFileReference; fileEncoding = 4; lastKnownFileType = sourcecode.c.objc; path = KNGlobalUiAppearance.m; sourceTree = "<group>"; };
		9C9607B21ECC8B9500B272C3 /* KNAppStyle.m */ = {isa = PBXFileReference; fileEncoding = 4; lastKnownFileType = sourcecode.c.objc; path = KNAppStyle.m; sourceTree = "<group>"; };
		9C9607B31ECC8B9500B272C3 /* KNAppStyle.h */ = {isa = PBXFileReference; fileEncoding = 4; lastKnownFileType = sourcecode.c.h; path = KNAppStyle.h; sourceTree = "<group>"; };
		9C9607E81ECD990000B272C3 /* UIView+Animation.h */ = {isa = PBXFileReference; fileEncoding = 4; lastKnownFileType = sourcecode.c.h; path = "UIView+Animation.h"; sourceTree = "<group>"; };
		9C9607E91ECD990000B272C3 /* UIView+Animation.m */ = {isa = PBXFileReference; fileEncoding = 4; lastKnownFileType = sourcecode.c.objc; path = "UIView+Animation.m"; sourceTree = "<group>"; };
		B39F98984891B44CA43CFFAF /* Pods-KNHelp.release.xcconfig */ = {isa = PBXFileReference; includeInIndex = 1; lastKnownFileType = text.xcconfig; name = "Pods-KNHelp.release.xcconfig"; path = "Pods/Target Support Files/Pods-KNHelp/Pods-KNHelp.release.xcconfig"; sourceTree = "<group>"; };
		C305FC1F6265B7162CD4C723 /* libPods-KNHelp.a */ = {isa = PBXFileReference; explicitFileType = archive.ar; includeInIndex = 0; path = "libPods-KNHelp.a"; sourceTree = BUILT_PRODUCTS_DIR; };
/* End PBXFileReference section */

/* Begin PBXFrameworksBuildPhase section */
		7FFDC5311DB9B4DB00853A3E /* Frameworks */ = {
			isa = PBXFrameworksBuildPhase;
			buildActionMask = 2147483647;
			files = (
				13348FAF9B75A100C58982EE /* libPods-KNHelp.a in Frameworks */,
			);
			runOnlyForDeploymentPostprocessing = 0;
		};
/* End PBXFrameworksBuildPhase section */

/* Begin PBXGroup section */
		4145BD9C8B5874E4A31B1C41 /* Frameworks */ = {
			isa = PBXGroup;
			children = (
				C305FC1F6265B7162CD4C723 /* libPods-KNHelp.a */,
			);
			name = Frameworks;
			sourceTree = "<group>";
		};
		7FFDC52B1DB9B4DB00853A3E = {
			isa = PBXGroup;
			children = (
				7FFDC5361DB9B4DB00853A3E /* KNHelp */,
				7FFDC5351DB9B4DB00853A3E /* Products */,
				A08BBC77A3F271513D02560F /* Pods */,
				4145BD9C8B5874E4A31B1C41 /* Frameworks */,
			);
			sourceTree = "<group>";
		};
		7FFDC5351DB9B4DB00853A3E /* Products */ = {
			isa = PBXGroup;
			children = (
				7FFDC5341DB9B4DB00853A3E /* libKNHelp.a */,
			);
			name = Products;
			sourceTree = "<group>";
		};
		7FFDC5361DB9B4DB00853A3E /* KNHelp */ = {
			isa = PBXGroup;
			children = (
				9C9607E71ECD98D800B272C3 /* Animation */,
				9C9607AE1ECC8B2F00B272C3 /* Project */,
				9C9607AA1ECC867B00B272C3 /* SocialShare */,
				9C9607A21ECC816100B272C3 /* Network */,
				9C2C73871EC2F3F700BBC5F2 /* APNSPush */,
				9C2C73741EC2C07400BBC5F2 /* Debug */,
				7FFDC57F1DBA350A00853A3E /* Vendor */,
				7FFDC5401DB9B74100853A3E /* Account */,
				7FFDC5421DB9B74100853A3E /* Controller */,
				7FFDC5431DB9B74100853A3E /* UI */,
				7FFDC54D1DB9B74100853A3E /* Category */,
				7FFDC54E1DB9B74100853A3E /* Crash */,
				7FFDC54F1DB9B74100853A3E /* Log */,
				7FFDC5511DB9B74100853A3E /* Reverse */,
				7FFDC5531DB9B74100853A3E /* SQLiteHelper */,
				7FFDC5541DB9B74100853A3E /* Storage */,
				7FFDC5551DB9B74100853A3E /* Util */,
				7FFDC5791DBA036C00853A3E /* KNHelpUtil.h */,
				751014F01EA859E800AF95CB /* KNHelp.h */,
				751014F11EA85BF900AF95CB /* KNGlobalDefine.h */,
				751014F21EA88AC900AF95CB /* KNGlobalConfig.h */,
				751014F31EA88AC900AF95CB /* KNGlobalConfig.m */,
			);
			path = KNHelp;
			sourceTree = "<group>";
		};
		7FFDC5401DB9B74100853A3E /* Account */ = {
			isa = PBXGroup;
			children = (
				7FFDC5C81DBA691800853A3E /* KNLoginManager.h */,
				7FFDC5C91DBA691800853A3E /* KNLoginManager.m */,
				7F3D054E1DBDBEDC00A637DB /* KNFileHander.h */,
				7F3D054F1DBDBEDC00A637DB /* KNFileHander.m */,
			);
			path = Account;
			sourceTree = "<group>";
		};
		7FFDC5421DB9B74100853A3E /* Controller */ = {
			isa = PBXGroup;
			children = (
				7FFDC5B91DBA5ACF00853A3E /* KNBaseViewController.h */,
				7FFDC5BA1DBA5ACF00853A3E /* KNBaseViewController.m */,
				7FFDC5C21DBA5C3900853A3E /* KNBaseTableViewController.h */,
				7FFDC5C31DBA5C3900853A3E /* KNBaseTableViewController.m */,
				7FFDC5C51DBA685400853A3E /* KNAppMain.h */,
				7FFDC5C61DBA685400853A3E /* KNAppMain.m */,
				9C2C737B1EC2ECC400BBC5F2 /* KNBaseWebViewController.h */,
				9C2C737C1EC2ECC400BBC5F2 /* KNBaseWebViewController.m */,
			);
			name = Controller;
			path = BMController;
			sourceTree = "<group>";
		};
		7FFDC5431DB9B74100853A3E /* UI */ = {
			isa = PBXGroup;
			children = (
				7FFDC5BF1DBA5B6400853A3E /* KNAppColor.h */,
				7FFDC5C01DBA5B6400853A3E /* KNAppColor.m */,
				7FFDC5BC1DBA5B2800853A3E /* UIColor+KN.h */,
				7FFDC5BD1DBA5B2800853A3E /* UIColor+KN.m */,
				7FFDC56A1DB9B8C400853A3E /* GKTextView.h */,
				7FFDC56B1DB9B8C400853A3E /* GKTextView.m */,
				7FFDC5441DB9B74100853A3E /* KNFlowView.h */,
				7FFDC5451DB9B74100853A3E /* KNFlowView.m */,
				7FFDC5461DB9B74100853A3E /* KNGIFImageView.h */,
				7FFDC5471DB9B74100853A3E /* KNGIFImageView.m */,
				7FFDC5481DB9B74100853A3E /* HZYIndicatorView.h */,
				7FFDC5491DB9B74100853A3E /* HZYIndicatorView.m */,
				9C3E2FC11EC44AA500F47023 /* UIButton+Common.h */,
				9C3E2FC21EC44AA500F47023 /* UIButton+Common.m */,
				9C3E2FC31EC44AA500F47023 /* UIImageView+Common.h */,
				9C3E2FC41EC44AA500F47023 /* UIImageView+Common.m */,
				9C3E2FC51EC44AA500F47023 /* UILabel+Common.h */,
				9C3E2FC61EC44AA500F47023 /* UILabel+Common.m */,
				9C3E2FC71EC44AA500F47023 /* UITableView+Common.h */,
				9C3E2FC81EC44AA500F47023 /* UITableView+Common.m */,
				9C3E2FCD1EC44C9900F47023 /* UIView+Common.h */,
				9C3E2FCE1EC44C9900F47023 /* UIView+Common.m */,
				9C9606621EC9C9FD00B272C3 /* KNAppFont.h */,
				9C9606631EC9C9FD00B272C3 /* KNAppFont.m */,
				9C96079F1ECC79BA00B272C3 /* UIDevice+Common.h */,
				9C9607A01ECC79BA00B272C3 /* UIDevice+Common.m */,
			);
			name = UI;
			path = BMUI;
			sourceTree = "<group>";
		};
		7FFDC54D1DB9B74100853A3E /* Category */ = {
			isa = PBXGroup;
			children = (
				7FFDC5761DB9FA4400853A3E /* NSMutableObject+SafeInsert.h */,
				7FFDC5771DB9FA4400853A3E /* NSMutableObject+SafeInsert.mm */,
				7FFDC5CC1DBA6B4700853A3E /* NSString+KN.h */,
				7FFDC5CD1DBA6B4700853A3E /* NSString+KN.m */,
			);
			path = Category;
			sourceTree = "<group>";
		};
		7FFDC54E1DB9B74100853A3E /* Crash */ = {
			isa = PBXGroup;
			children = (
				7FFDC56D1DB9B90600853A3E /* KNException.h */,
				7FFDC56E1DB9B90600853A3E /* KNException.m */,
				7FFDC5701DB9BA2C00853A3E /* KNExceptionViewController.h */,
				7FFDC5711DB9BA2C00853A3E /* KNExceptionViewController.m */,
			);
			path = Crash;
			sourceTree = "<group>";
		};
		7FFDC54F1DB9B74100853A3E /* Log */ = {
			isa = PBXGroup;
			children = (
			);
			path = Log;
			sourceTree = "<group>";
		};
		7FFDC5511DB9B74100853A3E /* Reverse */ = {
			isa = PBXGroup;
			children = (
			);
			path = Reverse;
			sourceTree = "<group>";
		};
		7FFDC5531DB9B74100853A3E /* SQLiteHelper */ = {
			isa = PBXGroup;
			children = (
			);
			path = SQLiteHelper;
			sourceTree = "<group>";
		};
		7FFDC5541DB9B74100853A3E /* Storage */ = {
			isa = PBXGroup;
			children = (
				7FFDC5731DB9FA2D00853A3E /* BaseFile.h */,
				7FFDC5741DB9FA2D00853A3E /* BaseFile.mm */,
				7FFDC57A1DBA03AC00853A3E /* KNSystemPath.h */,
				7FFDC57B1DBA03AC00853A3E /* KNSystemPath.m */,
			);
			path = Storage;
			sourceTree = "<group>";
		};
		7FFDC5551DB9B74100853A3E /* Util */ = {
			isa = PBXGroup;
			children = (
				7FFDC5561DB9B74100853A3E /* KeyboardManager */,
			);
			path = Util;
			sourceTree = "<group>";
		};
		7FFDC5561DB9B74100853A3E /* KeyboardManager */ = {
			isa = PBXGroup;
			children = (
				7FFDC5571DB9B74100853A3E /* BMKeyboardManager.h */,
				7FFDC5581DB9B74100853A3E /* BMKeyboardManager.m */,
			);
			path = KeyboardManager;
			sourceTree = "<group>";
		};
		7FFDC57F1DBA350A00853A3E /* Vendor */ = {
			isa = PBXGroup;
			children = (
			);
			path = Vendor;
			sourceTree = "<group>";
		};
		9C2C73741EC2C07400BBC5F2 /* Debug */ = {
			isa = PBXGroup;
			children = (
				9C2C73751EC2C0AB00BBC5F2 /* KNDebugViewController.h */,
				9C2C73761EC2C0AB00BBC5F2 /* KNDebugViewController.m */,
				9C2C73781EC2ECA000BBC5F2 /* KNEnvChangeViewController.h */,
				9C2C73791EC2ECA000BBC5F2 /* KNEnvChangeViewController.m */,
				9C2C737E1EC2ECE200BBC5F2 /* KNUserInfoViewController.h */,
				9C2C737F1EC2ECE200BBC5F2 /* KNUserInfoViewController.m */,
				9C2C73811EC2EF3C00BBC5F2 /* KNRMCacheViewController.h */,
				9C2C73821EC2EF3C00BBC5F2 /* KNRMCacheViewController.m */,
				9C2C73841EC2EF9000BBC5F2 /* KNDebugLogViewController.h */,
				9C2C73851EC2EF9000BBC5F2 /* KNDebugLogViewController.m */,
			);
			path = Debug;
			sourceTree = "<group>";
		};
		9C2C73871EC2F3F700BBC5F2 /* APNSPush */ = {
			isa = PBXGroup;
			children = (
				9C2C738B1EC2F43700BBC5F2 /* KNAPNSPushManager.h */,
				9C2C738C1EC2F43700BBC5F2 /* KNAPNSPushManager.m */,
			);
			path = APNSPush;
			sourceTree = "<group>";
		};
		9C9607A21ECC816100B272C3 /* Network */ = {
			isa = PBXGroup;
			children = (
				9C9607A31ECC817B00B272C3 /* KNLonglink */,
			);
			path = Network;
			sourceTree = "<group>";
		};
		9C9607A31ECC817B00B272C3 /* KNLonglink */ = {
			isa = PBXGroup;
			children = (
				9C9607A41ECC818A00B272C3 /* KNLongLink.h */,
				9C9607A51ECC818A00B272C3 /* KNLongLink.m */,
				9C9607A71ECC838500B272C3 /* AsyncSocket.h */,
				9C9607A81ECC838500B272C3 /* AsyncSocket.m */,
			);
			path = KNLonglink;
			sourceTree = "<group>";
		};
		9C9607AA1ECC867B00B272C3 /* SocialShare */ = {
			isa = PBXGroup;
			children = (
				9C9607AB1ECC868400B272C3 /* KNShareManager.h */,
				9C9607AC1ECC868400B272C3 /* KNShareManager.m */,
			);
			path = SocialShare;
			sourceTree = "<group>";
		};
		9C9607AE1ECC8B2F00B272C3 /* Project */ = {
			isa = PBXGroup;
			children = (
				9C9607B21ECC8B9500B272C3 /* KNAppStyle.m */,
				9C9607B31ECC8B9500B272C3 /* KNAppStyle.h */,
				9C9607AF1ECC8B3800B272C3 /* KNGlobalUiAppearance.h */,
				9C9607B01ECC8B3800B272C3 /* KNGlobalUiAppearance.m */,
			);
			path = Project;
			sourceTree = "<group>";
		};
		9C9607E71ECD98D800B272C3 /* Animation */ = {
			isa = PBXGroup;
			children = (
				9C9607E81ECD990000B272C3 /* UIView+Animation.h */,
				9C9607E91ECD990000B272C3 /* UIView+Animation.m */,
			);
			path = Animation;
			sourceTree = "<group>";
		};
		A08BBC77A3F271513D02560F /* Pods */ = {
			isa = PBXGroup;
			children = (
				7D34FCB2D1DDC7C255A23554 /* Pods-KNHelp.debug.xcconfig */,
				B39F98984891B44CA43CFFAF /* Pods-KNHelp.release.xcconfig */,
			);
			name = Pods;
			sourceTree = "<group>";
		};
/* End PBXGroup section */

/* Begin PBXHeadersBuildPhase section */
		9C9609071ECEF03E00B272C3 /* Headers */ = {
			isa = PBXHeadersBuildPhase;
			buildActionMask = 2147483647;
			files = (
				9C9609081ECEF04F00B272C3 /* KNHelp.h in Headers */,
				9C9609091ECEF0B500B272C3 /* UIView+Animation.h in Headers */,
				9C96090A1ECEF0B500B272C3 /* KNAppStyle.h in Headers */,
				9C96090B1ECEF0B500B272C3 /* KNGlobalUiAppearance.h in Headers */,
				9C96090C1ECEF0B500B272C3 /* KNShareManager.h in Headers */,
				9C96090D1ECEF0B500B272C3 /* KNLongLink.h in Headers */,
				9C96090E1ECEF0B500B272C3 /* AsyncSocket.h in Headers */,
				9C96090F1ECEF0B500B272C3 /* KNAPNSPushManager.h in Headers */,
				9C9609101ECEF0B500B272C3 /* KNDebugViewController.h in Headers */,
				9C9609111ECEF0B500B272C3 /* KNEnvChangeViewController.h in Headers */,
				9C9609121ECEF0B500B272C3 /* KNUserInfoViewController.h in Headers */,
				9C9609131ECEF0B500B272C3 /* KNRMCacheViewController.h in Headers */,
				9C9609141ECEF0B500B272C3 /* KNDebugLogViewController.h in Headers */,
				9C9609151ECEF0B500B272C3 /* KNLoginManager.h in Headers */,
				9C9609161ECEF0B500B272C3 /* KNFileHander.h in Headers */,
				9C9609171ECEF0B500B272C3 /* KNBaseViewController.h in Headers */,
				9C9609181ECEF0B500B272C3 /* KNBaseTableViewController.h in Headers */,
				9C9609191ECEF0B500B272C3 /* KNAppMain.h in Headers */,
				9C96091A1ECEF0B500B272C3 /* KNBaseWebViewController.h in Headers */,
				9C96091B1ECEF0B500B272C3 /* KNAppColor.h in Headers */,
				9C96091C1ECEF0B500B272C3 /* UIColor+KN.h in Headers */,
				9C96091D1ECEF0B500B272C3 /* GKTextView.h in Headers */,
				9C96091E1ECEF0B500B272C3 /* KNFlowView.h in Headers */,
				9C96091F1ECEF0B500B272C3 /* KNGIFImageView.h in Headers */,
				9C9609201ECEF0B500B272C3 /* HZYIndicatorView.h in Headers */,
				9C9609211ECEF0B500B272C3 /* UIButton+Common.h in Headers */,
				9C9609221ECEF0B500B272C3 /* UIImageView+Common.h in Headers */,
				9C9609231ECEF0B500B272C3 /* UILabel+Common.h in Headers */,
				9C9609241ECEF0B500B272C3 /* UITableView+Common.h in Headers */,
				9C9609251ECEF0B500B272C3 /* UIView+Common.h in Headers */,
				9C9609261ECEF0B500B272C3 /* KNAppFont.h in Headers */,
				9C9609271ECEF0B500B272C3 /* UIDevice+Common.h in Headers */,
				9C9609281ECEF0B500B272C3 /* NSMutableObject+SafeInsert.h in Headers */,
				9C9609291ECEF0B500B272C3 /* NSString+KN.h in Headers */,
				9C96092A1ECEF0B500B272C3 /* KNException.h in Headers */,
				9C96092B1ECEF0B500B272C3 /* BMKeyboardManager.h in Headers */,
				9C96092C1ECEF0B500B272C3 /* KNGlobalDefine.h in Headers */,
				9C96092D1ECEF0B500B272C3 /* KNGlobalConfig.h in Headers */,
			);
			runOnlyForDeploymentPostprocessing = 0;
		};
/* End PBXHeadersBuildPhase section */

/* Begin PBXNativeTarget section */
		7FFDC5331DB9B4DB00853A3E /* KNHelp */ = {
			isa = PBXNativeTarget;
			buildConfigurationList = 7FFDC53D1DB9B4DB00853A3E /* Build configuration list for PBXNativeTarget "KNHelp" */;
			buildPhases = (
				179FA4DF2E2FCA99138F2714 /* [CP] Check Pods Manifest.lock */,
				7FFDC5301DB9B4DB00853A3E /* Sources */,
				7FFDC5311DB9B4DB00853A3E /* Frameworks */,
				7FFDC5321DB9B4DB00853A3E /* CopyFiles */,
				631D56F5F5EF4B618171C00A /* [CP] Copy Pods Resources */,
				9C9609071ECEF03E00B272C3 /* Headers */,
			);
			buildRules = (
			);
			dependencies = (
			);
			name = KNHelp;
			productName = KNHelp;
			productReference = 7FFDC5341DB9B4DB00853A3E /* libKNHelp.a */;
			productType = "com.apple.product-type.library.static";
		};
/* End PBXNativeTarget section */

/* Begin PBXProject section */
		7FFDC52C1DB9B4DB00853A3E /* Project object */ = {
			isa = PBXProject;
			attributes = {
				LastUpgradeCheck = 0800;
				ORGANIZATIONNAME = KennyHuang;
				TargetAttributes = {
					7FFDC5331DB9B4DB00853A3E = {
						CreatedOnToolsVersion = 8.0;
						ProvisioningStyle = Automatic;
					};
				};
			};
			buildConfigurationList = 7FFDC52F1DB9B4DB00853A3E /* Build configuration list for PBXProject "KNHelp" */;
			compatibilityVersion = "Xcode 3.2";
			developmentRegion = English;
			hasScannedForEncodings = 0;
			knownRegions = (
				en,
			);
			mainGroup = 7FFDC52B1DB9B4DB00853A3E;
			productRefGroup = 7FFDC5351DB9B4DB00853A3E /* Products */;
			projectDirPath = "";
			projectRoot = "";
			targets = (
				7FFDC5331DB9B4DB00853A3E /* KNHelp */,
			);
		};
/* End PBXProject section */

/* Begin PBXShellScriptBuildPhase section */
		179FA4DF2E2FCA99138F2714 /* [CP] Check Pods Manifest.lock */ = {
			isa = PBXShellScriptBuildPhase;
			buildActionMask = 2147483647;
			files = (
			);
			inputPaths = (
			);
			name = "[CP] Check Pods Manifest.lock";
			outputPaths = (
			);
			runOnlyForDeploymentPostprocessing = 0;
			shellPath = /bin/sh;
			shellScript = "diff \"${PODS_ROOT}/../Podfile.lock\" \"${PODS_ROOT}/Manifest.lock\" > /dev/null\nif [ $? != 0 ] ; then\n    # print error to STDERR\n    echo \"error: The sandbox is not in sync with the Podfile.lock. Run 'pod install' or update your CocoaPods installation.\" >&2\n    exit 1\nfi\n";
			showEnvVarsInLog = 0;
		};
		631D56F5F5EF4B618171C00A /* [CP] Copy Pods Resources */ = {
			isa = PBXShellScriptBuildPhase;
			buildActionMask = 2147483647;
			files = (
			);
			inputPaths = (
			);
			name = "[CP] Copy Pods Resources";
			outputPaths = (
			);
			runOnlyForDeploymentPostprocessing = 0;
			shellPath = /bin/sh;
			shellScript = "\"${SRCROOT}/Pods/Target Support Files/Pods-KNHelp/Pods-KNHelp-resources.sh\"\n";
			showEnvVarsInLog = 0;
		};
/* End PBXShellScriptBuildPhase section */

/* Begin PBXSourcesBuildPhase section */
		7FFDC5301DB9B4DB00853A3E /* Sources */ = {
			isa = PBXSourcesBuildPhase;
			buildActionMask = 2147483647;
			files = (
				9C3E2FCB1EC44AA600F47023 /* UILabel+Common.m in Sources */,
				7FFDC5BE1DBA5B2800853A3E /* UIColor+KN.m in Sources */,
				9C9606641EC9C9FD00B272C3 /* KNAppFont.m in Sources */,
				9C9607A91ECC838500B272C3 /* AsyncSocket.m in Sources */,
				751014F41EA88ACA00AF95CB /* KNGlobalConfig.m in Sources */,
				7FFDC55B1DB9B74100853A3E /* HZYIndicatorView.m in Sources */,
				7FFDC5CE1DBA6B4700853A3E /* NSString+KN.m in Sources */,
				7FFDC5BB1DBA5ACF00853A3E /* KNBaseViewController.m in Sources */,
				9C3E2FC91EC44AA500F47023 /* UIButton+Common.m in Sources */,
				9C2C73771EC2C0AB00BBC5F2 /* KNDebugViewController.m in Sources */,
				9C2C737A1EC2ECA000BBC5F2 /* KNEnvChangeViewController.m in Sources */,
				7F3D05501DBDBEDC00A637DB /* KNFileHander.m in Sources */,
				9C2C738D1EC2F43700BBC5F2 /* KNAPNSPushManager.m in Sources */,
				9C2C73801EC2ECE200BBC5F2 /* KNUserInfoViewController.m in Sources */,
				9C2C73861EC2EF9000BBC5F2 /* KNDebugLogViewController.m in Sources */,
				7FFDC57C1DBA03AC00853A3E /* KNSystemPath.m in Sources */,
				9C3E2FCC1EC44AA600F47023 /* UITableView+Common.m in Sources */,
				7FFDC5751DB9FA2D00853A3E /* BaseFile.mm in Sources */,
				7FFDC5CA1DBA691800853A3E /* KNLoginManager.m in Sources */,
				7FFDC56C1DB9B8C400853A3E /* GKTextView.m in Sources */,
				7FFDC5C11DBA5B6400853A3E /* KNAppColor.m in Sources */,
				7FFDC5781DB9FA4400853A3E /* NSMutableObject+SafeInsert.mm in Sources */,
				9C9607B41ECC8B9500B272C3 /* KNAppStyle.m in Sources */,
				9C2C73831EC2EF3C00BBC5F2 /* KNRMCacheViewController.m in Sources */,
				9C9607EA1ECD990000B272C3 /* UIView+Animation.m in Sources */,
				9C3E2FCF1EC44C9900F47023 /* UIView+Common.m in Sources */,
				9C9607AD1ECC868400B272C3 /* KNShareManager.m in Sources */,
				9C9607A11ECC79BA00B272C3 /* UIDevice+Common.m in Sources */,
				9C3E2FCA1EC44AA500F47023 /* UIImageView+Common.m in Sources */,
				7FFDC5C71DBA685400853A3E /* KNAppMain.m in Sources */,
				9C2C737D1EC2ECC400BBC5F2 /* KNBaseWebViewController.m in Sources */,
				7FFDC5C41DBA5C3900853A3E /* KNBaseTableViewController.m in Sources */,
				7FFDC5721DB9BA2C00853A3E /* KNExceptionViewController.m in Sources */,
				7FFDC5591DB9B74100853A3E /* KNFlowView.m in Sources */,
				9C9607B11ECC8B3800B272C3 /* KNGlobalUiAppearance.m in Sources */,
				7FFDC55A1DB9B74100853A3E /* KNGIFImageView.m in Sources */,
				9C9607A61ECC818A00B272C3 /* KNLongLink.m in Sources */,
				7FFDC56F1DB9B90600853A3E /* KNException.m in Sources */,
				7FFDC55D1DB9B74100853A3E /* BMKeyboardManager.m in Sources */,
			);
			runOnlyForDeploymentPostprocessing = 0;
		};
/* End PBXSourcesBuildPhase section */

/* Begin XCBuildConfiguration section */
		7FFDC53B1DB9B4DB00853A3E /* Debug */ = {
			isa = XCBuildConfiguration;
			buildSettings = {
				ALWAYS_SEARCH_USER_PATHS = NO;
				CLANG_ANALYZER_NONNULL = YES;
				CLANG_CXX_LANGUAGE_STANDARD = "gnu++0x";
				CLANG_CXX_LIBRARY = "libc++";
				CLANG_ENABLE_MODULES = YES;
				CLANG_ENABLE_OBJC_ARC = YES;
				CLANG_WARN_BOOL_CONVERSION = YES;
				CLANG_WARN_CONSTANT_CONVERSION = YES;
				CLANG_WARN_DIRECT_OBJC_ISA_USAGE = YES_ERROR;
				CLANG_WARN_DOCUMENTATION_COMMENTS = YES;
				CLANG_WARN_EMPTY_BODY = YES;
				CLANG_WARN_ENUM_CONVERSION = YES;
				CLANG_WARN_INFINITE_RECURSION = YES;
				CLANG_WARN_INT_CONVERSION = YES;
				CLANG_WARN_OBJC_ROOT_CLASS = YES_ERROR;
				CLANG_WARN_SUSPICIOUS_MOVES = YES;
				CLANG_WARN_UNREACHABLE_CODE = YES;
				CLANG_WARN__DUPLICATE_METHOD_MATCH = YES;
				"CODE_SIGN_IDENTITY[sdk=iphoneos*]" = "iPhone Developer";
				COPY_PHASE_STRIP = NO;
				DEBUG_INFORMATION_FORMAT = dwarf;
				ENABLE_STRICT_OBJC_MSGSEND = YES;
				ENABLE_TESTABILITY = YES;
				GCC_C_LANGUAGE_STANDARD = gnu99;
				GCC_DYNAMIC_NO_PIC = NO;
				GCC_NO_COMMON_BLOCKS = YES;
				GCC_OPTIMIZATION_LEVEL = 0;
				GCC_PREPROCESSOR_DEFINITIONS = (
					"DEBUG=1",
					"$(inherited)",
				);
				GCC_WARN_64_TO_32_BIT_CONVERSION = YES;
				GCC_WARN_ABOUT_RETURN_TYPE = YES_ERROR;
				GCC_WARN_UNDECLARED_SELECTOR = YES;
				GCC_WARN_UNINITIALIZED_AUTOS = YES_AGGRESSIVE;
				GCC_WARN_UNUSED_FUNCTION = YES;
				GCC_WARN_UNUSED_VARIABLE = YES;
				IPHONEOS_DEPLOYMENT_TARGET = 10.0;
				MTL_ENABLE_DEBUG_INFO = YES;
				ONLY_ACTIVE_ARCH = YES;
				OTHER_LDFLAGS = "$(inherited)";
				SDKROOT = iphoneos;
			};
			name = Debug;
		};
		7FFDC53C1DB9B4DB00853A3E /* Release */ = {
			isa = XCBuildConfiguration;
			buildSettings = {
				ALWAYS_SEARCH_USER_PATHS = NO;
				CLANG_ANALYZER_NONNULL = YES;
				CLANG_CXX_LANGUAGE_STANDARD = "gnu++0x";
				CLANG_CXX_LIBRARY = "libc++";
				CLANG_ENABLE_MODULES = YES;
				CLANG_ENABLE_OBJC_ARC = YES;
				CLANG_WARN_BOOL_CONVERSION = YES;
				CLANG_WARN_CONSTANT_CONVERSION = YES;
				CLANG_WARN_DIRECT_OBJC_ISA_USAGE = YES_ERROR;
				CLANG_WARN_DOCUMENTATION_COMMENTS = YES;
				CLANG_WARN_EMPTY_BODY = YES;
				CLANG_WARN_ENUM_CONVERSION = YES;
				CLANG_WARN_INFINITE_RECURSION = YES;
				CLANG_WARN_INT_CONVERSION = YES;
				CLANG_WARN_OBJC_ROOT_CLASS = YES_ERROR;
				CLANG_WARN_SUSPICIOUS_MOVES = YES;
				CLANG_WARN_UNREACHABLE_CODE = YES;
				CLANG_WARN__DUPLICATE_METHOD_MATCH = YES;
				"CODE_SIGN_IDENTITY[sdk=iphoneos*]" = "iPhone Developer";
				COPY_PHASE_STRIP = NO;
				DEBUG_INFORMATION_FORMAT = "dwarf-with-dsym";
				ENABLE_NS_ASSERTIONS = NO;
				ENABLE_STRICT_OBJC_MSGSEND = YES;
				GCC_C_LANGUAGE_STANDARD = gnu99;
				GCC_NO_COMMON_BLOCKS = YES;
				GCC_WARN_64_TO_32_BIT_CONVERSION = YES;
				GCC_WARN_ABOUT_RETURN_TYPE = YES_ERROR;
				GCC_WARN_UNDECLARED_SELECTOR = YES;
				GCC_WARN_UNINITIALIZED_AUTOS = YES_AGGRESSIVE;
				GCC_WARN_UNUSED_FUNCTION = YES;
				GCC_WARN_UNUSED_VARIABLE = YES;
				IPHONEOS_DEPLOYMENT_TARGET = 10.0;
				MTL_ENABLE_DEBUG_INFO = NO;
				OTHER_LDFLAGS = "$(inherited)";
				SDKROOT = iphoneos;
				VALIDATE_PRODUCT = YES;
			};
			name = Release;
		};
		7FFDC53E1DB9B4DB00853A3E /* Debug */ = {
			isa = XCBuildConfiguration;
			baseConfigurationReference = 7D34FCB2D1DDC7C255A23554 /* Pods-KNHelp.debug.xcconfig */;
			buildSettings = {
				OTHER_LDFLAGS = "$(inherited";
				PRODUCT_NAME = "$(TARGET_NAME)";
				SKIP_INSTALL = YES;
			};
			name = Debug;
		};
		7FFDC53F1DB9B4DB00853A3E /* Release */ = {
			isa = XCBuildConfiguration;
			baseConfigurationReference = B39F98984891B44CA43CFFAF /* Pods-KNHelp.release.xcconfig */;
			buildSettings = {
				OTHER_LDFLAGS = "$(inherited)";
				PRODUCT_NAME = "$(TARGET_NAME)";
				SKIP_INSTALL = YES;
			};
			name = Release;
		};
/* End XCBuildConfiguration section */

/* Begin XCConfigurationList section */
		7FFDC52F1DB9B4DB00853A3E /* Build configuration list for PBXProject "KNHelp" */ = {
			isa = XCConfigurationList;
			buildConfigurations = (
				7FFDC53B1DB9B4DB00853A3E /* Debug */,
				7FFDC53C1DB9B4DB00853A3E /* Release */,
			);
			defaultConfigurationIsVisible = 0;
			defaultConfigurationName = Release;
		};
		7FFDC53D1DB9B4DB00853A3E /* Build configuration list for PBXNativeTarget "KNHelp" */ = {
			isa = XCConfigurationList;
			buildConfigurations = (
				7FFDC53E1DB9B4DB00853A3E /* Debug */,
				7FFDC53F1DB9B4DB00853A3E /* Release */,
			);
			defaultConfigurationIsVisible = 0;
			defaultConfigurationName = Release;
		};
/* End XCConfigurationList section */
	};
	rootObject = 7FFDC52C1DB9B4DB00853A3E /* Project object */;
}
